<?xml version="1.0" encoding="utf-8"?>
<Project ToolsVersion="4.0" xmlns="http://schemas.microsoft.com/developer/msbuild/2003">
  <ItemGroup>
    <Filter Include="Source Files">
      <UniqueIdentifier>{4FC737F1-C7A5-4376-A066-2A32D752A2FF}</UniqueIdentifier>
      <Extensions>cpp;c;cc;cxx;def;odl;idl;hpj;bat;asm;asmx</Extensions>
    </Filter>
    <Filter Include="Header Files">
      <UniqueIdentifier>{93995380-89BD-4b04-88EB-625FBE52EBFB}</UniqueIdentifier>
      <Extensions>h;hpp;hxx;hm;inl;inc;xsd</Extensions>
    </Filter>
    <Filter Include="Resource Files">
      <UniqueIdentifier>{67DA6AB6-F800-4c08-8B7A-83BB121AAD01}</UniqueIdentifier>
      <Extensions>rc;ico;cur;bmp;dlg;rc2;rct;bin;rgs;gif;jpg;jpeg;jpe;resx;tiff;tif;png;wav;mfcribbon-ms</Extensions>
    </Filter>
    <Filter Include="Source Files\API">
      <UniqueIdentifier>{5b7dc5fb-bed5-4dbb-baa6-b0de153f86c7}</UniqueIdentifier>
    </Filter>
    <Filter Include="Source Files\Player">
      <UniqueIdentifier>{6553d74d-479f-4494-8d6d-b27e50d951f7}</UniqueIdentifier>
    </Filter>
    <Filter Include="Source Files\General">
      <UniqueIdentifier>{68f04b60-7fae-4336-aa6f-b725d26148f9}</UniqueIdentifier>
    </Filter>
    <Filter Include="Header Files\API">
      <UniqueIdentifier>{265c3cfe-4a56-4893-a325-db762c4f9e34}</UniqueIdentifier>
    </Filter>
    <Filter Include="Header Files\General">
      <UniqueIdentifier>{e52bb380-2242-42fb-8a65-4671b318846c}</UniqueIdentifier>
    </Filter>
    <Filter Include="Header Files\Player">
      <UniqueIdentifier>{dab8efaf-7263-48f9-8d85-7b415fe3cc28}</UniqueIdentifier>
    </Filter>
    <Filter Include="Source Files\Player\Characters">
      <UniqueIdentifier>{448d3aee-dd1a-4301-84b2-ccd798353436}</UniqueIdentifier>
    </Filter>
    <Filter Include="Header Files\Player\Characters">
      <UniqueIdentifier>{8ca6b072-a40d-4691-b670-abc33a79e602}</UniqueIdentifier>
    </Filter>
    <Filter Include="Enet">
      <UniqueIdentifier>{4dfbbbea-3e17-4419-a9f0-b8cf58569ddc}</UniqueIdentifier>
    </Filter>
    <Filter Include="Lua">
      <UniqueIdentifier>{60ef3c88-2f1c-4a4b-8c5a-c26cdc4e1a9e}</UniqueIdentifier>
    </Filter>
  </ItemGroup>
  <ItemGroup>
    <ClCompile Include="API_Console.cpp">
      <Filter>Source Files\API</Filter>
    </ClCompile>
    <ClCompile Include="LuaHook.cpp">
      <Filter>Source Files\API</Filter>
    </ClCompile>
    <ClCompile Include="LuaHook_Commands.cpp">
      <Filter>Source Files\API</Filter>
    </ClCompile>
    <ClCompile Include="ccPlayer.cpp">
      <Filter>Source Files\Player</Filter>
    </ClCompile>
    <ClCompile Include="ccBattleFunctions.cpp">
      <Filter>Source Files\General</Filter>
    </ClCompile>
    <ClCompile Include="ccBossIAFunctions.cpp">
      <Filter>Source Files\General</Filter>
    </ClCompile>
    <ClCompile Include="ccCharacterFunctions.cpp">
      <Filter>Source Files\General</Filter>
    </ClCompile>
    <ClCompile Include="ccGameProperties.cpp">
      <Filter>Source Files\General</Filter>
    </ClCompile>
    <ClCompile Include="ccGeneralGameFunctions.cpp">
      <Filter>Source Files\General</Filter>
    </ClCompile>
    <ClCompile Include="ccMain.cpp">
      <Filter>Source Files\General</Filter>
    </ClCompile>
    <ClCompile Include="ccMemoryFunctions.cpp">
      <Filter>Source Files\General</Filter>
    </ClCompile>
    <ClCompile Include="d3dcompiler_47_og.cpp">
      <Filter>Source Files\General</Filter>
    </ClCompile>
    <ClCompile Include="HookFunctions.cpp">
      <Filter>Source Files\General</Filter>
    </ClCompile>
    <ClCompile Include="ccPlayerStruct.cpp">
      <Filter>Source Files\Player</Filter>
    </ClCompile>
    <ClCompile Include="enet\callbacks.c">
      <Filter>Enet</Filter>
    </ClCompile>
    <ClCompile Include="enet\compress.c">
      <Filter>Enet</Filter>
    </ClCompile>
    <ClCompile Include="enet\host.c">
      <Filter>Enet</Filter>
    </ClCompile>
    <ClCompile Include="enet\list.c">
      <Filter>Enet</Filter>
    </ClCompile>
    <ClCompile Include="enet\packet.c">
      <Filter>Enet</Filter>
    </ClCompile>
    <ClCompile Include="enet\peer.c">
      <Filter>Enet</Filter>
    </ClCompile>
    <ClCompile Include="enet\protocol.c">
      <Filter>Enet</Filter>
    </ClCompile>
    <ClCompile Include="enet\unix.c">
      <Filter>Enet</Filter>
    </ClCompile>
    <ClCompile Include="enet\win32.c">
      <Filter>Enet</Filter>
    </ClCompile>
    <ClCompile Include="lua\src\lapi.c">
      <Filter>Lua</Filter>
    </ClCompile>
    <ClCompile Include="lua\src\lauxlib.c">
      <Filter>Lua</Filter>
    </ClCompile>
    <ClCompile Include="lua\src\lbaselib.c">
      <Filter>Lua</Filter>
    </ClCompile>
    <ClCompile Include="lua\src\lcode.c">
      <Filter>Lua</Filter>
    </ClCompile>
    <ClCompile Include="lua\src\ldblib.c">
      <Filter>Lua</Filter>
    </ClCompile>
    <ClCompile Include="lua\src\ldebug.c">
      <Filter>Lua</Filter>
    </ClCompile>
    <ClCompile Include="lua\src\ldo.c">
      <Filter>Lua</Filter>
    </ClCompile>
    <ClCompile Include="lua\src\ldump.c">
      <Filter>Lua</Filter>
    </ClCompile>
    <ClCompile Include="lua\src\lfunc.c">
      <Filter>Lua</Filter>
    </ClCompile>
    <ClCompile Include="lua\src\lgc.c">
      <Filter>Lua</Filter>
    </ClCompile>
    <ClCompile Include="lua\src\linit.c">
      <Filter>Lua</Filter>
    </ClCompile>
    <ClCompile Include="lua\src\liolib.c">
      <Filter>Lua</Filter>
    </ClCompile>
    <ClCompile Include="lua\src\llex.c">
      <Filter>Lua</Filter>
    </ClCompile>
    <ClCompile Include="lua\src\lmathlib.c">
      <Filter>Lua</Filter>
    </ClCompile>
    <ClCompile Include="lua\src\lmem.c">
      <Filter>Lua</Filter>
    </ClCompile>
    <ClCompile Include="lua\src\loadlib.c">
      <Filter>Lua</Filter>
    </ClCompile>
    <ClCompile Include="lua\src\lobject.c">
      <Filter>Lua</Filter>
    </ClCompile>
    <ClCompile Include="lua\src\lopcodes.c">
      <Filter>Lua</Filter>
    </ClCompile>
    <ClCompile Include="lua\src\loslib.c">
      <Filter>Lua</Filter>
    </ClCompile>
    <ClCompile Include="lua\src\lparser.c">
      <Filter>Lua</Filter>
    </ClCompile>
    <ClCompile Include="lua\src\lstate.c">
      <Filter>Lua</Filter>
    </ClCompile>
    <ClCompile Include="lua\src\lstring.c">
      <Filter>Lua</Filter>
    </ClCompile>
    <ClCompile Include="lua\src\lstrlib.c">
      <Filter>Lua</Filter>
    </ClCompile>
    <ClCompile Include="lua\src\ltable.c">
      <Filter>Lua</Filter>
    </ClCompile>
    <ClCompile Include="lua\src\ltablib.c">
      <Filter>Lua</Filter>
    </ClCompile>
    <ClCompile Include="lua\src\ltm.c">
      <Filter>Lua</Filter>
    </ClCompile>
    <ClCompile Include="lua\src\lundump.c">
      <Filter>Lua</Filter>
    </ClCompile>
    <ClCompile Include="lua\src\lvm.c">
      <Filter>Lua</Filter>
    </ClCompile>
    <ClCompile Include="lua\src\lzio.c">
      <Filter>Lua</Filter>
    </ClCompile>
    <ClCompile Include="lua\src\print.c">
      <Filter>Lua</Filter>
    </ClCompile>
    <ClCompile Include="lua\src\lua.c">
      <Filter>Lua</Filter>
    </ClCompile>
    <ClCompile Include="PrmFunctions.cpp">
      <Filter>Source Files\Player</Filter>
    </ClCompile>
    <ClCompile Include="Input.cpp">
      <Filter>Source Files\Player</Filter>
    </ClCompile>
  </ItemGroup>
  <ItemGroup>
    <ClInclude Include="API_Console.h">
      <Filter>Header Files\API</Filter>
    </ClInclude>
    <ClInclude Include="HookFunctions.h">
      <Filter>Header Files\General</Filter>
    </ClInclude>
    <ClInclude Include="LuaHook.h">
      <Filter>Header Files\API</Filter>
    </ClInclude>
    <ClInclude Include="LuaHook_Commands.h">
      <Filter>Header Files\API</Filter>
    </ClInclude>
    <ClInclude Include="ccPlayer.h">
      <Filter>Header Files\Player</Filter>
    </ClInclude>
    <ClInclude Include="ccBattleFunctions.h">
      <Filter>Header Files\General</Filter>
    </ClInclude>
    <ClInclude Include="ccBossIAFunctions.h">
      <Filter>Header Files\General</Filter>
    </ClInclude>
    <ClInclude Include="ccCharacterFunctions.h">
      <Filter>Header Files\General</Filter>
    </ClInclude>
    <ClInclude Include="ccGameProperties.h">
      <Filter>Header Files\General</Filter>
    </ClInclude>
    <ClInclude Include="ccGeneralGameFunctions.h">
      <Filter>Header Files\General</Filter>
    </ClInclude>
    <ClInclude Include="ccMain.h">
      <Filter>Header Files\General</Filter>
    </ClInclude>
    <ClInclude Include="ccMemoryFunctions.h">
      <Filter>Header Files\General</Filter>
    </ClInclude>
    <ClInclude Include="d3dcompiler_47_og.h">
      <Filter>Header Files\General</Filter>
    </ClInclude>
    <ClInclude Include="ccPlayerStruct.h">
      <Filter>Source Files\Player</Filter>
    </ClInclude>
    <ClInclude Include="enet\callbacks.h">
      <Filter>Enet</Filter>
    </ClInclude>
    <ClInclude Include="enet\enet.h">
      <Filter>Enet</Filter>
    </ClInclude>
    <ClInclude Include="enet\list.h">
      <Filter>Enet</Filter>
    </ClInclude>
    <ClInclude Include="enet\protocol.h">
      <Filter>Enet</Filter>
    </ClInclude>
    <ClInclude Include="enet\time.h">
      <Filter>Enet</Filter>
    </ClInclude>
    <ClInclude Include="enet\types.h">
      <Filter>Enet</Filter>
    </ClInclude>
    <ClInclude Include="enet\unix.h">
      <Filter>Enet</Filter>
    </ClInclude>
    <ClInclude Include="enet\utility.h">
      <Filter>Enet</Filter>
    </ClInclude>
    <ClInclude Include="enet\win32.h">
      <Filter>Enet</Filter>
    </ClInclude>
    <ClInclude Include="lua\src\lapi.h">
      <Filter>Lua</Filter>
    </ClInclude>
    <ClInclude Include="lua\src\lauxlib.h">
      <Filter>Lua</Filter>
    </ClInclude>
    <ClInclude Include="lua\src\lcode.h">
      <Filter>Lua</Filter>
    </ClInclude>
    <ClInclude Include="lua\src\ldebug.h">
      <Filter>Lua</Filter>
    </ClInclude>
    <ClInclude Include="lua\src\ldo.h">
      <Filter>Lua</Filter>
    </ClInclude>
    <ClInclude Include="lua\src\lfunc.h">
      <Filter>Lua</Filter>
    </ClInclude>
    <ClInclude Include="lua\src\lgc.h">
      <Filter>Lua</Filter>
    </ClInclude>
    <ClInclude Include="lua\src\llex.h">
      <Filter>Lua</Filter>
    </ClInclude>
    <ClInclude Include="lua\src\llimits.h">
      <Filter>Lua</Filter>
    </ClInclude>
    <ClInclude Include="lua\src\lmem.h">
      <Filter>Lua</Filter>
    </ClInclude>
    <ClInclude Include="lua\src\lobject.h">
      <Filter>Lua</Filter>
    </ClInclude>
    <ClInclude Include="lua\src\lopcodes.h">
      <Filter>Lua</Filter>
    </ClInclude>
    <ClInclude Include="lua\src\lparser.h">
      <Filter>Lua</Filter>
    </ClInclude>
    <ClInclude Include="lua\src\lstate.h">
      <Filter>Lua</Filter>
    </ClInclude>
    <ClInclude Include="lua\src\lstring.h">
      <Filter>Lua</Filter>
    </ClInclude>
    <ClInclude Include="lua\src\ltable.h">
      <Filter>Lua</Filter>
    </ClInclude>
    <ClInclude Include="lua\src\ltm.h">
      <Filter>Lua</Filter>
    </ClInclude>
    <ClInclude Include="lua\src\luaconf.h">
      <Filter>Lua</Filter>
    </ClInclude>
    <ClInclude Include="lua\src\lualib.h">
      <Filter>Lua</Filter>
    </ClInclude>
    <ClInclude Include="lua\src\lundump.h">
      <Filter>Lua</Filter>
    </ClInclude>
    <ClInclude Include="lua\src\lvm.h">
      <Filter>Lua</Filter>
    </ClInclude>
    <ClInclude Include="lua\src\lzio.h">
      <Filter>Lua</Filter>
    </ClInclude>
    <ClInclude Include="lua\src\lua.h">
      <Filter>Lua</Filter>
    </ClInclude>
    <ClInclude Include="PrmFunctions.h">
      <Filter>Header Files\Player</Filter>
    </ClInclude>
    <ClInclude Include="Input.h">
      <Filter>Header Files\Player</Filter>
    </ClInclude>
  </ItemGroup>
  <ItemGroup>
    <None Include="d3dcompiler_47_og.def">
      <Filter>Resource Files</Filter>
    </None>
  </ItemGroup>
  <ItemGroup>
    <MASM Include="d3dcompiler_47_og_asm.asm">
      <Filter>Resource Files</Filter>
    </MASM>
  </ItemGroup>
</Project>