<?xml version="1.0" encoding="utf-8"?>
<Project ToolsVersion="4.0" xmlns="http://schemas.microsoft.com/developer/msbuild/2003">
  <ItemGroup>
    <Filter Include="Source Files">
      <UniqueIdentifier>{4FC737F1-C7A5-4376-A066-2A32D752A2FF}</UniqueIdentifier>
      <Extensions>cpp;c;cc;cxx;def;odl;idl;hpj;bat;asm;asmx</Extensions>
    </Filter>
    <Filter Include="Resource Files">
      <UniqueIdentifier>{67DA6AB6-F800-4c08-8B7A-83BB121AAD01}</UniqueIdentifier>
      <Extensions>rc;ico;cur;bmp;dlg;rc2;rct;bin;rgs;gif;jpg;jpeg;jpe;resx;tiff;tif;png;wav;mfcribbon-ms</Extensions>
    </Filter>
    <Filter Include="Enet">
      <UniqueIdentifier>{4dfbbbea-3e17-4419-a9f0-b8cf58569ddc}</UniqueIdentifier>
    </Filter>
    <Filter Include="Lua">
      <UniqueIdentifier>{60ef3c88-2f1c-4a4b-8c5a-c26cdc4e1a9e}</UniqueIdentifier>
    </Filter>
    <Filter Include="Source Files\Framework">
      <UniqueIdentifier>{5b7dc5fb-bed5-4dbb-baa6-b0de153f86c7}</UniqueIdentifier>
    </Filter>
    <Filter Include="Source Files\Framework\Mods">
      <UniqueIdentifier>{fccdf099-a31a-43ba-8c50-117e978cb80d}</UniqueIdentifier>
    </Filter>
    <Filter Include="Source Files\Framework\DX11">
      <UniqueIdentifier>{d264ccce-944e-4f11-8776-a2fc0b7ef0b8}</UniqueIdentifier>
    </Filter>
    <Filter Include="ImGui">
      <UniqueIdentifier>{fd70d2ac-0ffe-4186-844a-24367d7a6af2}</UniqueIdentifier>
    </Filter>
    <Filter Include="Source Files\Framework\GUI">
      <UniqueIdentifier>{e3fa0784-6658-4181-a62d-9f8dd6eaf4ea}</UniqueIdentifier>
    </Filter>
    <Filter Include="Source Files\Framework\General">
      <UniqueIdentifier>{6af4c9fa-4331-4992-b0ba-5e2241bd8149}</UniqueIdentifier>
    </Filter>
    <Filter Include="Source Files\Framework\Tools">
      <UniqueIdentifier>{7b6ec042-fd7d-499b-b395-0d859dab2386}</UniqueIdentifier>
    </Filter>
    <Filter Include="Source Files\Framework\Game Engine">
      <UniqueIdentifier>{5f50ccf6-a6c9-46ed-9df8-dfa6c97ab2ef}</UniqueIdentifier>
    </Filter>
  </ItemGroup>
  <ItemGroup>
    <ClCompile Include="enet\callbacks.c">
      <Filter>Enet</Filter>
    </ClCompile>
    <ClCompile Include="enet\compress.c">
      <Filter>Enet</Filter>
    </ClCompile>
    <ClCompile Include="enet\host.c">
      <Filter>Enet</Filter>
    </ClCompile>
    <ClCompile Include="enet\list.c">
      <Filter>Enet</Filter>
    </ClCompile>
    <ClCompile Include="enet\packet.c">
      <Filter>Enet</Filter>
    </ClCompile>
    <ClCompile Include="enet\peer.c">
      <Filter>Enet</Filter>
    </ClCompile>
    <ClCompile Include="enet\protocol.c">
      <Filter>Enet</Filter>
    </ClCompile>
    <ClCompile Include="enet\unix.c">
      <Filter>Enet</Filter>
    </ClCompile>
    <ClCompile Include="enet\win32.c">
      <Filter>Enet</Filter>
    </ClCompile>
    <ClCompile Include="lua\src\lapi.c">
      <Filter>Lua</Filter>
    </ClCompile>
    <ClCompile Include="lua\src\lauxlib.c">
      <Filter>Lua</Filter>
    </ClCompile>
    <ClCompile Include="lua\src\lbaselib.c">
      <Filter>Lua</Filter>
    </ClCompile>
    <ClCompile Include="lua\src\lcode.c">
      <Filter>Lua</Filter>
    </ClCompile>
    <ClCompile Include="lua\src\ldblib.c">
      <Filter>Lua</Filter>
    </ClCompile>
    <ClCompile Include="lua\src\ldebug.c">
      <Filter>Lua</Filter>
    </ClCompile>
    <ClCompile Include="lua\src\ldo.c">
      <Filter>Lua</Filter>
    </ClCompile>
    <ClCompile Include="lua\src\ldump.c">
      <Filter>Lua</Filter>
    </ClCompile>
    <ClCompile Include="lua\src\lfunc.c">
      <Filter>Lua</Filter>
    </ClCompile>
    <ClCompile Include="lua\src\lgc.c">
      <Filter>Lua</Filter>
    </ClCompile>
    <ClCompile Include="lua\src\linit.c">
      <Filter>Lua</Filter>
    </ClCompile>
    <ClCompile Include="lua\src\liolib.c">
      <Filter>Lua</Filter>
    </ClCompile>
    <ClCompile Include="lua\src\llex.c">
      <Filter>Lua</Filter>
    </ClCompile>
    <ClCompile Include="lua\src\lmathlib.c">
      <Filter>Lua</Filter>
    </ClCompile>
    <ClCompile Include="lua\src\lmem.c">
      <Filter>Lua</Filter>
    </ClCompile>
    <ClCompile Include="lua\src\loadlib.c">
      <Filter>Lua</Filter>
    </ClCompile>
    <ClCompile Include="lua\src\lobject.c">
      <Filter>Lua</Filter>
    </ClCompile>
    <ClCompile Include="lua\src\lopcodes.c">
      <Filter>Lua</Filter>
    </ClCompile>
    <ClCompile Include="lua\src\loslib.c">
      <Filter>Lua</Filter>
    </ClCompile>
    <ClCompile Include="lua\src\lparser.c">
      <Filter>Lua</Filter>
    </ClCompile>
    <ClCompile Include="lua\src\lstate.c">
      <Filter>Lua</Filter>
    </ClCompile>
    <ClCompile Include="lua\src\lstring.c">
      <Filter>Lua</Filter>
    </ClCompile>
    <ClCompile Include="lua\src\lstrlib.c">
      <Filter>Lua</Filter>
    </ClCompile>
    <ClCompile Include="lua\src\ltable.c">
      <Filter>Lua</Filter>
    </ClCompile>
    <ClCompile Include="lua\src\ltablib.c">
      <Filter>Lua</Filter>
    </ClCompile>
    <ClCompile Include="lua\src\ltm.c">
      <Filter>Lua</Filter>
    </ClCompile>
    <ClCompile Include="lua\src\lundump.c">
      <Filter>Lua</Filter>
    </ClCompile>
    <ClCompile Include="lua\src\lvm.c">
      <Filter>Lua</Filter>
    </ClCompile>
    <ClCompile Include="lua\src\lzio.c">
      <Filter>Lua</Filter>
    </ClCompile>
    <ClCompile Include="lua\src\print.c">
      <Filter>Lua</Filter>
    </ClCompile>
    <ClCompile Include="lua\src\lua.c">
      <Filter>Lua</Filter>
    </ClCompile>
    <ClCompile Include="Vector3.cpp">
      <Filter>Source Files\Framework\Game Engine</Filter>
    </ClCompile>
    <ClCompile Include="GameMath.cpp">
      <Filter>Source Files\Framework\Game Engine</Filter>
    </ClCompile>
    <ClCompile Include="FileParser.cpp">
      <Filter>Source Files\Framework\Tools</Filter>
    </ClCompile>
    <ClCompile Include="LuaUtilities.cpp">
      <Filter>Source Files\Framework\Tools</Filter>
    </ClCompile>
    <ClCompile Include="Input.cpp">
      <Filter>Source Files\Framework\Game Engine</Filter>
    </ClCompile>
    <ClCompile Include="PatternScan.cpp">
      <Filter>Source Files\Framework\Tools</Filter>
    </ClCompile>
    <ClCompile Include="NS4Framework.cpp">
      <Filter>Source Files\Framework</Filter>
    </ClCompile>
    <ClCompile Include="Console.cpp">
      <Filter>Source Files\Framework</Filter>
    </ClCompile>
    <ClCompile Include="DirectX.cpp">
      <Filter>Source Files\Framework\DX11</Filter>
    </ClCompile>
    <ClCompile Include="ImGUI\imgui.cpp">
      <Filter>ImGui</Filter>
    </ClCompile>
    <ClCompile Include="ImGUI\imgui_demo.cpp">
      <Filter>ImGui</Filter>
    </ClCompile>
    <ClCompile Include="ImGUI\imgui_draw.cpp">
      <Filter>ImGui</Filter>
    </ClCompile>
    <ClCompile Include="ImGUI\imgui_impl_dx11.cpp">
      <Filter>ImGui</Filter>
    </ClCompile>
    <ClCompile Include="ImGUI\imgui_impl_win32.cpp">
      <Filter>ImGui</Filter>
    </ClCompile>
    <ClCompile Include="ImGUI\imgui_tables.cpp">
      <Filter>ImGui</Filter>
    </ClCompile>
    <ClCompile Include="ImGUI\imgui_widgets.cpp">
      <Filter>ImGui</Filter>
    </ClCompile>
    <ClCompile Include="EditorGUI.cpp">
      <Filter>Source Files\Framework\GUI</Filter>
    </ClCompile>
    <ClCompile Include="CpkLoader.cpp">
      <Filter>Source Files\Framework\General</Filter>
    </ClCompile>
    <ClCompile Include="ccGeneralGameFunctions.cpp">
      <Filter>Source Files\Framework\General</Filter>
    </ClCompile>
    <ClCompile Include="HookFunctions.cpp">
      <Filter>Source Files\Framework\General</Filter>
    </ClCompile>
    <ClCompile Include="PartnerManager.cpp">
      <Filter>Source Files\Framework\General</Filter>
    </ClCompile>
    <ClCompile Include="SpecialConditionManager.cpp">
      <Filter>Source Files\Framework\General</Filter>
    </ClCompile>
    <ClCompile Include="Plugin.cpp">
      <Filter>Source Files\Framework\Mods</Filter>
    </ClCompile>
    <ClCompile Include="xinput9_1_0.cpp">
      <Filter>Source Files\Framework\General</Filter>
    </ClCompile>
  </ItemGroup>
  <ItemGroup>
    <ClInclude Include="enet\callbacks.h">
      <Filter>Enet</Filter>
    </ClInclude>
    <ClInclude Include="enet\enet.h">
      <Filter>Enet</Filter>
    </ClInclude>
    <ClInclude Include="enet\list.h">
      <Filter>Enet</Filter>
    </ClInclude>
    <ClInclude Include="enet\protocol.h">
      <Filter>Enet</Filter>
    </ClInclude>
    <ClInclude Include="enet\time.h">
      <Filter>Enet</Filter>
    </ClInclude>
    <ClInclude Include="enet\types.h">
      <Filter>Enet</Filter>
    </ClInclude>
    <ClInclude Include="enet\unix.h">
      <Filter>Enet</Filter>
    </ClInclude>
    <ClInclude Include="enet\utility.h">
      <Filter>Enet</Filter>
    </ClInclude>
    <ClInclude Include="enet\win32.h">
      <Filter>Enet</Filter>
    </ClInclude>
    <ClInclude Include="lua\src\lapi.h">
      <Filter>Lua</Filter>
    </ClInclude>
    <ClInclude Include="lua\src\lauxlib.h">
      <Filter>Lua</Filter>
    </ClInclude>
    <ClInclude Include="lua\src\lcode.h">
      <Filter>Lua</Filter>
    </ClInclude>
    <ClInclude Include="lua\src\ldebug.h">
      <Filter>Lua</Filter>
    </ClInclude>
    <ClInclude Include="lua\src\ldo.h">
      <Filter>Lua</Filter>
    </ClInclude>
    <ClInclude Include="lua\src\lfunc.h">
      <Filter>Lua</Filter>
    </ClInclude>
    <ClInclude Include="lua\src\lgc.h">
      <Filter>Lua</Filter>
    </ClInclude>
    <ClInclude Include="lua\src\llex.h">
      <Filter>Lua</Filter>
    </ClInclude>
    <ClInclude Include="lua\src\llimits.h">
      <Filter>Lua</Filter>
    </ClInclude>
    <ClInclude Include="lua\src\lmem.h">
      <Filter>Lua</Filter>
    </ClInclude>
    <ClInclude Include="lua\src\lobject.h">
      <Filter>Lua</Filter>
    </ClInclude>
    <ClInclude Include="lua\src\lopcodes.h">
      <Filter>Lua</Filter>
    </ClInclude>
    <ClInclude Include="lua\src\lparser.h">
      <Filter>Lua</Filter>
    </ClInclude>
    <ClInclude Include="lua\src\lstate.h">
      <Filter>Lua</Filter>
    </ClInclude>
    <ClInclude Include="lua\src\lstring.h">
      <Filter>Lua</Filter>
    </ClInclude>
    <ClInclude Include="lua\src\ltable.h">
      <Filter>Lua</Filter>
    </ClInclude>
    <ClInclude Include="lua\src\ltm.h">
      <Filter>Lua</Filter>
    </ClInclude>
    <ClInclude Include="lua\src\luaconf.h">
      <Filter>Lua</Filter>
    </ClInclude>
    <ClInclude Include="lua\src\lualib.h">
      <Filter>Lua</Filter>
    </ClInclude>
    <ClInclude Include="lua\src\lundump.h">
      <Filter>Lua</Filter>
    </ClInclude>
    <ClInclude Include="lua\src\lvm.h">
      <Filter>Lua</Filter>
    </ClInclude>
    <ClInclude Include="lua\src\lzio.h">
      <Filter>Lua</Filter>
    </ClInclude>
    <ClInclude Include="lua\src\lua.h">
      <Filter>Lua</Filter>
    </ClInclude>
    <ClInclude Include="Vector3.h">
      <Filter>Source Files\Framework\Game Engine</Filter>
    </ClInclude>
    <ClInclude Include="GameMath.h">
      <Filter>Source Files\Framework\Game Engine</Filter>
    </ClInclude>
    <ClInclude Include="FileParser.h">
      <Filter>Source Files\Framework\Tools</Filter>
    </ClInclude>
    <ClInclude Include="LuaUtilities.h">
      <Filter>Source Files\Framework\Tools</Filter>
    </ClInclude>
    <ClInclude Include="Input.h">
      <Filter>Source Files\Framework\Game Engine</Filter>
    </ClInclude>
    <ClInclude Include="PatternScan.h">
      <Filter>Source Files\Framework\Tools</Filter>
    </ClInclude>
    <ClInclude Include="Plugin.h">
      <Filter>Source Files\Framework\Mods</Filter>
    </ClInclude>
    <ClInclude Include="Mod.h">
      <Filter>Source Files\Framework\Mods</Filter>
    </ClInclude>
    <ClInclude Include="ModManager.h">
      <Filter>Source Files\Framework\Mods</Filter>
    </ClInclude>
    <ClInclude Include="NS4Framework.h">
      <Filter>Source Files\Framework</Filter>
    </ClInclude>
    <ClInclude Include="Console.h">
      <Filter>Source Files\Framework</Filter>
    </ClInclude>
    <ClInclude Include="DirectX.h">
      <Filter>Source Files\Framework\DX11</Filter>
    </ClInclude>
    <ClInclude Include="ImGUI\imconfig.h">
      <Filter>ImGui</Filter>
    </ClInclude>
    <ClInclude Include="ImGUI\imgui.h">
      <Filter>ImGui</Filter>
    </ClInclude>
    <ClInclude Include="ImGUI\imgui_impl_dx11.h">
      <Filter>ImGui</Filter>
    </ClInclude>
    <ClInclude Include="ImGUI\imgui_impl_win32.h">
      <Filter>ImGui</Filter>
    </ClInclude>
    <ClInclude Include="ImGUI\imgui_internal.h">
      <Filter>ImGui</Filter>
    </ClInclude>
    <ClInclude Include="ImGUI\imstb_rectpack.h">
      <Filter>ImGui</Filter>
    </ClInclude>
    <ClInclude Include="ImGUI\imstb_textedit.h">
      <Filter>ImGui</Filter>
    </ClInclude>
    <ClInclude Include="ImGUI\imstb_truetype.h">
      <Filter>ImGui</Filter>
    </ClInclude>
    <ClInclude Include="EditorGUI.h">
      <Filter>Source Files\Framework\GUI</Filter>
    </ClInclude>
    <ClInclude Include="MessageManager.h">
      <Filter>Source Files\Framework\General</Filter>
    </ClInclude>
    <ClInclude Include="PatchManager.h">
      <Filter>Source Files\Framework\General</Filter>
    </ClInclude>
    <ClInclude Include="CpkLoader.h">
      <Filter>Source Files\Framework\General</Filter>
    </ClInclude>
    <ClInclude Include="Common.h">
      <Filter>Source Files\Framework</Filter>
    </ClInclude>
    <ClInclude Include="ccGeneralGameFunctions.h">
      <Filter>Source Files\Framework\General</Filter>
    </ClInclude>
    <ClInclude Include="HookFunctions.h">
      <Filter>Source Files\Framework\General</Filter>
    </ClInclude>
    <ClInclude Include="PartnerManager.h">
      <Filter>Source Files\Framework\General</Filter>
    </ClInclude>
    <ClInclude Include="SpecialConditionManager.h">
      <Filter>Source Files\Framework\General</Filter>
    </ClInclude>
    <ClInclude Include="GraphicSettings.h">
      <Filter>Source Files\Framework\DX11</Filter>
    </ClInclude>
    <ClInclude Include="xinput9_1_0.h">
      <Filter>Source Files\Framework\General</Filter>
    </ClInclude>
  </ItemGroup>
  <ItemGroup>
    <MASM Include="xinput9_1_0_asm.asm">
      <Filter>Resource Files</Filter>
    </MASM>
  </ItemGroup>
  <ItemGroup>
    <None Include="xinput9_1_0.def">
      <Filter>Resource Files</Filter>
    </None>
  </ItemGroup>
</Project>